
Microsoft Visual Studio Solution File, Format Version 12.00
# Visual Studio 2013
VisualStudioVersion = 12.0.40629.0
MinimumVisualStudioVersion = 10.0.40219.1
Project("{8BC9CEB8-8B4A-11D0-8D11-00A0C91BC942}") = "SMSITBudgetClient", "SMSITBudgetClient\SMSITBudgetClient.vcxproj", "{FA670CB0-3847-4D67-B43F-336772853CAB}"
EndProject
Project("{8BC9CEB8-8B4A-11D0-8D11-00A0C91BC942}") = "SMSITBudgetClient.UnitTest", "..\SMSITBudgetClient.UnitTest\SMSITBudgetClient.UnitTest.vcxproj", "{F5DE9637-CFD0-4E43-BA76-D479131F0D53}"
	ProjectSection(ProjectDependencies) = postProject
		{FA670CB0-3847-4D67-B43F-336772853CAB} = {FA670CB0-3847-4D67-B43F-336772853CAB}
	EndProjectSection
EndProject
Global
	GlobalSection(SolutionConfigurationPlatforms) = preSolution
		Debug|Win32 = Debug|Win32
		Release|Win32 = Release|Win32
	EndGlobalSection
	GlobalSection(ProjectConfigurationPlatforms) = postSolution
		{FA670CB0-3847-4D67-B43F-336772853CAB}.Debug|Win32.ActiveCfg = Debug|Win32
		{FA670CB0-3847-4D67-B43F-336772853CAB}.Debug|Win32.Build.0 = Debug|Win32
		{FA670CB0-3847-4D67-B43F-336772853CAB}.Release|Win32.ActiveCfg = Release|Win32
		{FA670CB0-3847-4D67-B43F-336772853CAB}.Release|Win32.Build.0 = Release|Win32
		{F5DE9637-CFD0-4E43-BA76-D479131F0D53}.Debug|Win32.ActiveCfg = Debug|Win32
		{F5DE9637-CFD0-4E43-BA76-D479131F0D53}.Debug|Win32.Build.0 = Debug|Win32
		{F5DE9637-CFD0-4E43-BA76-D479131F0D53}.Release|Win32.ActiveCfg = Release|Win32
		{F5DE9637-CFD0-4E43-BA76-D479131F0D53}.Release|Win32.Build.0 = Release|Win32
	EndGlobalSection
	GlobalSection(SolutionProperties) = preSolution
		HideSolutionNode = FALSE
	EndGlobalSection
EndGlobal
